github.com/microsoft/vscode-remote-try-go v0.0.0-20200831022545-7f5ea9fa59ab h1:ICTBPWSjXNUNOyRgInuDfNGC1fLZSzuFLlGiJMNsyvs=
github.com/microsoft/vscode-remote-try-go v0.0.0-20200831022545-7f5ea9fa59ab/go.mod h1:BEnDfL/uIKJ5s8G/Ldo9TO4sIVMLMsoKqTqoW4DXb0s=
github.com/oliverscheer/bingo v0.0.0-20201222003348-5e406ed5bc14 h1:RIEzkE8JZ5KNr9Vgd51QeLTegpPT3Uj9mMMot6UcW90=
github.com/oliverscheer/bingo v0.0.0-20201222003348-5e406ed5bc14/go.mod h1:xMsVy1p6Xd2rPubmyDtzUereZenroF/sUKWFcVfJKgI=
